
Microsoft Visual Studio Solution File, Format Version 12.00
# Visual Studio Version 17
VisualStudioVersion = 17.8.34004.107
MinimumVisualStudioVersion = 10.0.40219.1
Project("{9A19103F-16F7-4668-BE54-9A1E7A4F7556}") = "Lab2Tests", "Lab2Tests.csproj", "{1D34C48E-26E8-4AE8-AC03-CF7028A35313}"
EndProject
Project("{9A19103F-16F7-4668-BE54-9A1E7A4F7556}") = "Gateway", "..\Gateway\Gateway.csproj", "{50F47A90-195A-454C-A351-8733E08AC26C}"
EndProject
Global
	GlobalSection(SolutionConfigurationPlatforms) = preSolution
		Debug|Any CPU = Debug|Any CPU
		Release|Any CPU = Release|Any CPU
	EndGlobalSection
	GlobalSection(ProjectConfigurationPlatforms) = postSolution
		{1D34C48E-26E8-4AE8-AC03-CF7028A35313}.Debug|Any CPU.ActiveCfg = Debug|Any CPU
		{1D34C48E-26E8-4AE8-AC03-CF7028A35313}.Debug|Any CPU.Build.0 = Debug|Any CPU
		{1D34C48E-26E8-4AE8-AC03-CF7028A35313}.Release|Any CPU.ActiveCfg = Release|Any CPU
		{1D34C48E-26E8-4AE8-AC03-CF7028A35313}.Release|Any CPU.Build.0 = Release|Any CPU
		{50F47A90-195A-454C-A351-8733E08AC26C}.Debug|Any CPU.ActiveCfg = Debug|Any CPU
		{50F47A90-195A-454C-A351-8733E08AC26C}.Debug|Any CPU.Build.0 = Debug|Any CPU
		{50F47A90-195A-454C-A351-8733E08AC26C}.Release|Any CPU.ActiveCfg = Release|Any CPU
		{50F47A90-195A-454C-A351-8733E08AC26C}.Release|Any CPU.Build.0 = Release|Any CPU
	EndGlobalSection
	GlobalSection(SolutionProperties) = preSolution
		HideSolutionNode = FALSE
	EndGlobalSection
	GlobalSection(ExtensibilityGlobals) = postSolution
		SolutionGuid = {4A23276D-56A5-499C-BB0E-78F2509C3A03}
	EndGlobalSection
EndGlobal
